
Microsoft Visual Studio Solution File, Format Version 12.00
# Visual Studio 14
VisualStudioVersion = 14.0.24720.0
MinimumVisualStudioVersion = 10.0.40219.1
Project("{FAE04EC0-301F-11D3-BF4B-00C04F79EFBC}") = "ComLib.Extensions", "ComLib.Extensions\ComLib.Extensions.csproj", "{2BF0EC73-A67F-47BB-B3A2-F931FACC7866}"
EndProject
Project("{FAE04EC0-301F-11D3-BF4B-00C04F79EFBC}") = "ComLib.Test", "ComLib.Test\ComLib.Test.csproj", "{F1C20C2F-4383-473A-9D3B-F16854A5909D}"
EndProject
Project("{FAE04EC0-301F-11D3-BF4B-00C04F79EFBC}") = "ComLib.Unity", "ComLib.Unity\ComLib.Unity.csproj", "{CDA03DDB-1B0A-4213-A05F-71B9BDF59D31}"
EndProject
Project("{2150E333-8FDC-42A3-9474-1A3956D46DE8}") = "Resources", "Resources", "{7F48BCB2-7A49-43E2-BA62-DCCD8D21B094}"
	ProjectSection(SolutionItems) = preProject
		README.md = README.md
	EndProjectSection
EndProject
Project("{2150E333-8FDC-42A3-9474-1A3956D46DE8}") = "Libraries", "Libraries", "{51925C45-C82C-4E71-A5A8-B331306D10C4}"
	ProjectSection(SolutionItems) = preProject
		UnityEditor.dll = UnityEditor.dll
		UnityEngine.dll = UnityEngine.dll
	EndProjectSection
EndProject
Project("{FAE04EC0-301F-11D3-BF4B-00C04F79EFBC}") = "ComLib.Unity.Editor", "ComLib.Unity.Editor\ComLib.Unity.Editor.csproj", "{1EA36AAA-4802-4359-BE4F-E2C11D6211D9}"
EndProject
Global
	GlobalSection(SolutionConfigurationPlatforms) = preSolution
		Debug|Any CPU = Debug|Any CPU
		Release|Any CPU = Release|Any CPU
	EndGlobalSection
	GlobalSection(ProjectConfigurationPlatforms) = postSolution
		{2BF0EC73-A67F-47BB-B3A2-F931FACC7866}.Debug|Any CPU.ActiveCfg = Debug|Any CPU
		{2BF0EC73-A67F-47BB-B3A2-F931FACC7866}.Debug|Any CPU.Build.0 = Debug|Any CPU
		{2BF0EC73-A67F-47BB-B3A2-F931FACC7866}.Release|Any CPU.ActiveCfg = Release|Any CPU
		{2BF0EC73-A67F-47BB-B3A2-F931FACC7866}.Release|Any CPU.Build.0 = Release|Any CPU
		{F1C20C2F-4383-473A-9D3B-F16854A5909D}.Debug|Any CPU.ActiveCfg = Debug|Any CPU
		{F1C20C2F-4383-473A-9D3B-F16854A5909D}.Debug|Any CPU.Build.0 = Debug|Any CPU
		{F1C20C2F-4383-473A-9D3B-F16854A5909D}.Release|Any CPU.ActiveCfg = Release|Any CPU
		{F1C20C2F-4383-473A-9D3B-F16854A5909D}.Release|Any CPU.Build.0 = Release|Any CPU
		{CDA03DDB-1B0A-4213-A05F-71B9BDF59D31}.Debug|Any CPU.ActiveCfg = Debug|Any CPU
		{CDA03DDB-1B0A-4213-A05F-71B9BDF59D31}.Debug|Any CPU.Build.0 = Debug|Any CPU
		{CDA03DDB-1B0A-4213-A05F-71B9BDF59D31}.Release|Any CPU.ActiveCfg = Release|Any CPU
		{CDA03DDB-1B0A-4213-A05F-71B9BDF59D31}.Release|Any CPU.Build.0 = Release|Any CPU
		{1EA36AAA-4802-4359-BE4F-E2C11D6211D9}.Debug|Any CPU.ActiveCfg = Debug|Any CPU
		{1EA36AAA-4802-4359-BE4F-E2C11D6211D9}.Debug|Any CPU.Build.0 = Debug|Any CPU
		{1EA36AAA-4802-4359-BE4F-E2C11D6211D9}.Release|Any CPU.ActiveCfg = Release|Any CPU
		{1EA36AAA-4802-4359-BE4F-E2C11D6211D9}.Release|Any CPU.Build.0 = Release|Any CPU
	EndGlobalSection
	GlobalSection(SolutionProperties) = preSolution
		HideSolutionNode = FALSE
	EndGlobalSection
	GlobalSection(NestedProjects) = preSolution
		{51925C45-C82C-4E71-A5A8-B331306D10C4} = {7F48BCB2-7A49-43E2-BA62-DCCD8D21B094}
	EndGlobalSection
EndGlobal
